
Microsoft Visual Studio Solution File, Format Version 12.00
Project("{FAE04EC0-301F-11D3-BF4B-00C04F79EFBC}") = "DotnetCuritiba.AuthLibs", "DotnetCuritiba.AuthLibs\DotnetCuritiba.AuthLibs.csproj", "{91E49696-A84C-42FF-BEDB-9F1906BC0A7F}"
EndProject
Project("{FAE04EC0-301F-11D3-BF4B-00C04F79EFBC}") = "DotnetCuritiba.AuthTest", "DotnetCuritiba.AuthTest\DotnetCuritiba.AuthTest.csproj", "{D651A706-8BCE-470C-AAB0-06D60B0ECFC9}"
EndProject
Global
	GlobalSection(SolutionConfigurationPlatforms) = preSolution
		Debug|Any CPU = Debug|Any CPU
		Release|Any CPU = Release|Any CPU
	EndGlobalSection
	GlobalSection(ProjectConfigurationPlatforms) = postSolution
		{91E49696-A84C-42FF-BEDB-9F1906BC0A7F}.Debug|Any CPU.ActiveCfg = Debug|Any CPU
		{91E49696-A84C-42FF-BEDB-9F1906BC0A7F}.Debug|Any CPU.Build.0 = Debug|Any CPU
		{91E49696-A84C-42FF-BEDB-9F1906BC0A7F}.Release|Any CPU.ActiveCfg = Release|Any CPU
		{91E49696-A84C-42FF-BEDB-9F1906BC0A7F}.Release|Any CPU.Build.0 = Release|Any CPU
		{D651A706-8BCE-470C-AAB0-06D60B0ECFC9}.Debug|Any CPU.ActiveCfg = Debug|Any CPU
		{D651A706-8BCE-470C-AAB0-06D60B0ECFC9}.Debug|Any CPU.Build.0 = Debug|Any CPU
		{D651A706-8BCE-470C-AAB0-06D60B0ECFC9}.Release|Any CPU.ActiveCfg = Release|Any CPU
		{D651A706-8BCE-470C-AAB0-06D60B0ECFC9}.Release|Any CPU.Build.0 = Release|Any CPU
	EndGlobalSection
EndGlobal
